// !$*UTF8*$!
{
	archiveVersion = 1;
	classes = {
	};
	objectVersion = 46;
	objects = {

/* Begin PBXBuildFile section */
		6210286819F4C8A2002B9B82 /* LionCub.swift in Sources */ = {isa = PBXBuildFile; fileRef = 6210286719F4C8A2002B9B82 /* LionCub.swift */; };
		62947A6D19EE465200D2F0DC /* Lion.swift in Sources */ = {isa = PBXBuildFile; fileRef = 62947A6C19EE465200D2F0DC /* Lion.swift */; };
		62F2559B19E6580700CBAF08 /* AppDelegate.swift in Sources */ = {isa = PBXBuildFile; fileRef = 62F2559A19E6580700CBAF08 /* AppDelegate.swift */; };
		62F2559D19E6580700CBAF08 /* ViewController.swift in Sources */ = {isa = PBXBuildFile; fileRef = 62F2559C19E6580700CBAF08 /* ViewController.swift */; };
		62F255A019E6580700CBAF08 /* Main.storyboard in Resources */ = {isa = PBXBuildFile; fileRef = 62F2559E19E6580700CBAF08 /* Main.storyboard */; };
		62F255A219E6580700CBAF08 /* Images.xcassets in Resources */ = {isa = PBXBuildFile; fileRef = 62F255A119E6580700CBAF08 /* Images.xcassets */; };
		62F255A519E6580700CBAF08 /* LaunchScreen.xib in Resources */ = {isa = PBXBuildFile; fileRef = 62F255A319E6580700CBAF08 /* LaunchScreen.xib */; };
		62F255B119E6580700CBAF08 /* LionsAndTigersTests.swift in Sources */ = {isa = PBXBuildFile; fileRef = 62F255B019E6580700CBAF08 /* LionsAndTigersTests.swift */; };
		62F255BB19E65AB500CBAF08 /* Tiger.swift in Sources */ = {isa = PBXBuildFile; fileRef = 62F255BA19E65AB500CBAF08 /* Tiger.swift */; };
		62F255C519E65EB600CBAF08 /* BengalTiger.jpg in Resources */ = {isa = PBXBuildFile; fileRef = 62F255BD19E65EB600CBAF08 /* BengalTiger.jpg */; };
		62F255C619E65EB600CBAF08 /* IndochineseTiger.jpg in Resources */ = {isa = PBXBuildFile; fileRef = 62F255BE19E65EB600CBAF08 /* IndochineseTiger.jpg */; };
		62F255C719E65EB600CBAF08 /* Lion.jpg in Resources */ = {isa = PBXBuildFile; fileRef = 62F255BF19E65EB600CBAF08 /* Lion.jpg */; };
		62F255C819E65EB600CBAF08 /* LionCub1.jpg in Resources */ = {isa = PBXBuildFile; fileRef = 62F255C019E65EB600CBAF08 /* LionCub1.jpg */; };
		62F255C919E65EB600CBAF08 /* LionCub2.jpeg in Resources */ = {isa = PBXBuildFile; fileRef = 62F255C119E65EB600CBAF08 /* LionCub2.jpeg */; };
		62F255CA19E65EB600CBAF08 /* Lioness.jpeg in Resources */ = {isa = PBXBuildFile; fileRef = 62F255C219E65EB600CBAF08 /* Lioness.jpeg */; };
		62F255CB19E65EB600CBAF08 /* MalayanTiger.jpg in Resources */ = {isa = PBXBuildFile; fileRef = 62F255C319E65EB600CBAF08 /* MalayanTiger.jpg */; };
		62F255CC19E65EB600CBAF08 /* SiberianTiger.jpg in Resources */ = {isa = PBXBuildFile; fileRef = 62F255C419E65EB600CBAF08 /* SiberianTiger.jpg */; };
/* End PBXBuildFile section */

/* Begin PBXContainerItemProxy section */
		62F255AB19E6580700CBAF08 /* PBXContainerItemProxy */ = {
			isa = PBXContainerItemProxy;
			containerPortal = 62F2558D19E6580700CBAF08 /* Project object */;
			proxyType = 1;
			remoteGlobalIDString = 62F2559419E6580700CBAF08;
			remoteInfo = LionsAndTigers;
		};
/* End PBXContainerItemProxy section */

/* Begin PBXFileReference section */
		6210286719F4C8A2002B9B82 /* LionCub.swift */ = {isa = PBXFileReference; fileEncoding = 4; lastKnownFileType = sourcecode.swift; path = LionCub.swift; sourceTree = "<group>"; };
		62947A6C19EE465200D2F0DC /* Lion.swift */ = {isa = PBXFileReference; fileEncoding = 4; lastKnownFileType = sourcecode.swift; path = Lion.swift; sourceTree = "<group>"; };
		62F2559519E6580700CBAF08 /* LionsAndTigers.app */ = {isa = PBXFileReference; explicitFileType = wrapper.application; includeInIndex = 0; path = LionsAndTigers.app; sourceTree = BUILT_PRODUCTS_DIR; };
		62F2559919E6580700CBAF08 /* Info.plist */ = {isa = PBXFileReference; lastKnownFileType = text.plist.xml; path = Info.plist; sourceTree = "<group>"; };
		62F2559A19E6580700CBAF08 /* AppDelegate.swift */ = {isa = PBXFileReference; lastKnownFileType = sourcecode.swift; path = AppDelegate.swift; sourceTree = "<group>"; };
		62F2559C19E6580700CBAF08 /* ViewController.swift */ = {isa = PBXFileReference; lastKnownFileType = sourcecode.swift; path = ViewController.swift; sourceTree = "<group>"; };
		62F2559F19E6580700CBAF08 /* Base */ = {isa = PBXFileReference; lastKnownFileType = file.storyboard; name = Base; path = Base.lproj/Main.storyboard; sourceTree = "<group>"; };
		62F255A119E6580700CBAF08 /* Images.xcassets */ = {isa = PBXFileReference; lastKnownFileType = folder.assetcatalog; path = Images.xcassets; sourceTree = "<group>"; };
		62F255A419E6580700CBAF08 /* Base */ = {isa = PBXFileReference; lastKnownFileType = file.xib; name = Base; path = Base.lproj/LaunchScreen.xib; sourceTree = "<group>"; };
		62F255AA19E6580700CBAF08 /* LionsAndTigersTests.xctest */ = {isa = PBXFileReference; explicitFileType = wrapper.cfbundle; includeInIndex = 0; path = LionsAndTigersTests.xctest; sourceTree = BUILT_PRODUCTS_DIR; };
		62F255AF19E6580700CBAF08 /* Info.plist */ = {isa = PBXFileReference; lastKnownFileType = text.plist.xml; path = Info.plist; sourceTree = "<group>"; };
		62F255B019E6580700CBAF08 /* LionsAndTigersTests.swift */ = {isa = PBXFileReference; lastKnownFileType = sourcecode.swift; path = LionsAndTigersTests.swift; sourceTree = "<group>"; };
		62F255BA19E65AB500CBAF08 /* Tiger.swift */ = {isa = PBXFileReference; fileEncoding = 4; lastKnownFileType = sourcecode.swift; path = Tiger.swift; sourceTree = "<group>"; };
		62F255BD19E65EB600CBAF08 /* BengalTiger.jpg */ = {isa = PBXFileReference; lastKnownFileType = image.jpeg; path = BengalTiger.jpg; sourceTree = "<group>"; };
		62F255BE19E65EB600CBAF08 /* IndochineseTiger.jpg */ = {isa = PBXFileReference; lastKnownFileType = image.jpeg; path = IndochineseTiger.jpg; sourceTree = "<group>"; };
		62F255BF19E65EB600CBAF08 /* Lion.jpg */ = {isa = PBXFileReference; lastKnownFileType = image.jpeg; path = Lion.jpg; sourceTree = "<group>"; };
		62F255C019E65EB600CBAF08 /* LionCub1.jpg */ = {isa = PBXFileReference; lastKnownFileType = image.jpeg; path = LionCub1.jpg; sourceTree = "<group>"; };
		62F255C119E65EB600CBAF08 /* LionCub2.jpeg */ = {isa = PBXFileReference; lastKnownFileType = image.jpeg; path = LionCub2.jpeg; sourceTree = "<group>"; };
		62F255C219E65EB600CBAF08 /* Lioness.jpeg */ = {isa = PBXFileReference; lastKnownFileType = image.jpeg; path = Lioness.jpeg; sourceTree = "<group>"; };
		62F255C319E65EB600CBAF08 /* MalayanTiger.jpg */ = {isa = PBXFileReference; lastKnownFileType = image.jpeg; path = MalayanTiger.jpg; sourceTree = "<group>"; };
		62F255C419E65EB600CBAF08 /* SiberianTiger.jpg */ = {isa = PBXFileReference; lastKnownFileType = image.jpeg; path = SiberianTiger.jpg; sourceTree = "<group>"; };
/* End PBXFileReference section */

/* Begin PBXFrameworksBuildPhase section */
		62F2559219E6580700CBAF08 /* Frameworks */ = {
			isa = PBXFrameworksBuildPhase;
			buildActionMask = 2147483647;
			files = (
			);
			runOnlyForDeploymentPostprocessing = 0;
		};
		62F255A719E6580700CBAF08 /* Frameworks */ = {
			isa = PBXFrameworksBuildPhase;
			buildActionMask = 2147483647;
			files = (
			);
			runOnlyForDeploymentPostprocessing = 0;
		};
/* End PBXFrameworksBuildPhase section */

/* Begin PBXGroup section */
		62F2558C19E6580700CBAF08 = {
			isa = PBXGroup;
			children = (
				62F2559719E6580700CBAF08 /* LionsAndTigers */,
				62F255AD19E6580700CBAF08 /* LionsAndTigersTests */,
				62F2559619E6580700CBAF08 /* Products */,
			);
			sourceTree = "<group>";
		};
		62F2559619E6580700CBAF08 /* Products */ = {
			isa = PBXGroup;
			children = (
				62F2559519E6580700CBAF08 /* LionsAndTigers.app */,
				62F255AA19E6580700CBAF08 /* LionsAndTigersTests.xctest */,
			);
			name = Products;
			sourceTree = "<group>";
		};
		62F2559719E6580700CBAF08 /* LionsAndTigers */ = {
			isa = PBXGroup;
			children = (
				62F2559A19E6580700CBAF08 /* AppDelegate.swift */,
				62F2559C19E6580700CBAF08 /* ViewController.swift */,
				62F255BA19E65AB500CBAF08 /* Tiger.swift */,
				62947A6C19EE465200D2F0DC /* Lion.swift */,
				6210286719F4C8A2002B9B82 /* LionCub.swift */,
				62F2559E19E6580700CBAF08 /* Main.storyboard */,
				62F255A119E6580700CBAF08 /* Images.xcassets */,
				62F255A319E6580700CBAF08 /* LaunchScreen.xib */,
				62F2559819E6580700CBAF08 /* Supporting Files */,
			);
			path = LionsAndTigers;
			sourceTree = "<group>";
		};
		62F2559819E6580700CBAF08 /* Supporting Files */ = {
			isa = PBXGroup;
			children = (
				62F255BC19E65EB600CBAF08 /* LionsAndTigersAssets */,
				62F2559919E6580700CBAF08 /* Info.plist */,
			);
			name = "Supporting Files";
			sourceTree = "<group>";
		};
		62F255AD19E6580700CBAF08 /* LionsAndTigersTests */ = {
			isa = PBXGroup;
			children = (
				62F255B019E6580700CBAF08 /* LionsAndTigersTests.swift */,
				62F255AE19E6580700CBAF08 /* Supporting Files */,
			);
			path = LionsAndTigersTests;
			sourceTree = "<group>";
		};
		62F255AE19E6580700CBAF08 /* Supporting Files */ = {
			isa = PBXGroup;
			children = (
				62F255AF19E6580700CBAF08 /* Info.plist */,
			);
			name = "Supporting Files";
			sourceTree = "<group>";
		};
		62F255BC19E65EB600CBAF08 /* LionsAndTigersAssets */ = {
			isa = PBXGroup;
			children = (
				62F255BD19E65EB600CBAF08 /* BengalTiger.jpg */,
				62F255BE19E65EB600CBAF08 /* IndochineseTiger.jpg */,
				62F255BF19E65EB600CBAF08 /* Lion.jpg */,
				62F255C019E65EB600CBAF08 /* LionCub1.jpg */,
				62F255C119E65EB600CBAF08 /* LionCub2.jpeg */,
				62F255C219E65EB600CBAF08 /* Lioness.jpeg */,
				62F255C319E65EB600CBAF08 /* MalayanTiger.jpg */,
				62F255C419E65EB600CBAF08 /* SiberianTiger.jpg */,
			);
			path = LionsAndTigersAssets;
			sourceTree = "<group>";
		};
/* End PBXGroup section */

/* Begin PBXNativeTarget section */
		62F2559419E6580700CBAF08 /* LionsAndTigers */ = {
			isa = PBXNativeTarget;
			buildConfigurationList = 62F255B419E6580700CBAF08 /* Build configuration list for PBXNativeTarget "LionsAndTigers" */;
			buildPhases = (
				62F2559119E6580700CBAF08 /* Sources */,
				62F2559219E6580700CBAF08 /* Frameworks */,
				62F2559319E6580700CBAF08 /* Resources */,
			);
			buildRules = (
			);
			dependencies = (
			);
			name = LionsAndTigers;
			productName = LionsAndTigers;
			productReference = 62F2559519E6580700CBAF08 /* LionsAndTigers.app */;
			productType = "com.apple.product-type.application";
		};
		62F255A919E6580700CBAF08 /* LionsAndTigersTests */ = {
			isa = PBXNativeTarget;
			buildConfigurationList = 62F255B719E6580700CBAF08 /* Build configuration list for PBXNativeTarget "LionsAndTigersTests" */;
			buildPhases = (
				62F255A619E6580700CBAF08 /* Sources */,
				62F255A719E6580700CBAF08 /* Frameworks */,
				62F255A819E6580700CBAF08 /* Resources */,
			);
			buildRules = (
			);
			dependencies = (
				62F255AC19E6580700CBAF08 /* PBXTargetDependency */,
			);
			name = LionsAndTigersTests;
			productName = LionsAndTigersTests;
			productReference = 62F255AA19E6580700CBAF08 /* LionsAndTigersTests.xctest */;
			productType = "com.apple.product-type.bundle.unit-test";
		};
/* End PBXNativeTarget section */

/* Begin PBXProject section */
		62F2558D19E6580700CBAF08 /* Project object */ = {
			isa = PBXProject;
			attributes = {
				LastSwiftMigration = 0720;
				LastSwiftUpdateCheck = 0720;
				LastUpgradeCheck = 0600;
				ORGANIZATIONNAME = andrew;
				TargetAttributes = {
					62F2559419E6580700CBAF08 = {
						CreatedOnToolsVersion = 6.0.1;
					};
					62F255A919E6580700CBAF08 = {
						CreatedOnToolsVersion = 6.0.1;
						TestTargetID = 62F2559419E6580700CBAF08;
					};
				};
			};
			buildConfigurationList = 62F2559019E6580700CBAF08 /* Build configuration list for PBXProject "LionsAndTigers" */;
			compatibilityVersion = "Xcode 3.2";
			developmentRegion = English;
			hasScannedForEncodings = 0;
			knownRegions = (
				en,
				Base,
			);
			mainGroup = 62F2558C19E6580700CBAF08;
			productRefGroup = 62F2559619E6580700CBAF08 /* Products */;
			projectDirPath = "";
			projectRoot = "";
			targets = (
				62F2559419E6580700CBAF08 /* LionsAndTigers */,
				62F255A919E6580700CBAF08 /* LionsAndTigersTests */,
			);
		};
/* End PBXProject section */

/* Begin PBXResourcesBuildPhase section */
		62F2559319E6580700CBAF08 /* Resources */ = {
			isa = PBXResourcesBuildPhase;
			buildActionMask = 2147483647;
			files = (
				62F255C619E65EB600CBAF08 /* IndochineseTiger.jpg in Resources */,
				62F255A019E6580700CBAF08 /* Main.storyboard in Resources */,
				62F255A519E6580700CBAF08 /* LaunchScreen.xib in Resources */,
				62F255CA19E65EB600CBAF08 /* Lioness.jpeg in Resources */,
				62F255C819E65EB600CBAF08 /* LionCub1.jpg in Resources */,
				62F255CB19E65EB600CBAF08 /* MalayanTiger.jpg in Resources */,
				62F255CC19E65EB600CBAF08 /* SiberianTiger.jpg in Resources */,
				62F255C519E65EB600CBAF08 /* BengalTiger.jpg in Resources */,
				62F255A219E6580700CBAF08 /* Images.xcassets in Resources */,
				62F255C719E65EB600CBAF08 /* Lion.jpg in Resources */,
				62F255C919E65EB600CBAF08 /* LionCub2.jpeg in Resources */,
			);
			runOnlyForDeploymentPostprocessing = 0;
		};
		62F255A819E6580700CBAF08 /* Resources */ = {
			isa = PBXResourcesBuildPhase;
			buildActionMask = 2147483647;
			files = (
			);
			runOnlyForDeploymentPostprocessing = 0;
		};
/* End PBXResourcesBuildPhase section */

/* Begin PBXSourcesBuildPhase section */
		62F2559119E6580700CBAF08 /* Sources */ = {
			isa = PBXSourcesBuildPhase;
			buildActionMask = 2147483647;
			files = (
				62F2559D19E6580700CBAF08 /* ViewController.swift in Sources */,
				62F255BB19E65AB500CBAF08 /* Tiger.swift in Sources */,
				62F2559B19E6580700CBAF08 /* AppDelegate.swift in Sources */,
				6210286819F4C8A2002B9B82 /* LionCub.swift in Sources */,
				62947A6D19EE465200D2F0DC /* Lion.swift in Sources */,
			);
			runOnlyForDeploymentPostprocessing = 0;
		};
		62F255A619E6580700CBAF08 /* Sources */ = {
			isa = PBXSourcesBuildPhase;
			buildActionMask = 2147483647;
			files = (
				62F255B119E6580700CBAF08 /* LionsAndTigersTests.swift in Sources */,
			);
			runOnlyForDeploymentPostprocessing = 0;
		};
/* End PBXSourcesBuildPhase section */

/* Begin PBXTargetDependency section */
		62F255AC19E6580700CBAF08 /* PBXTargetDependency */ = {
			isa = PBXTargetDependency;
			target = 62F2559419E6580700CBAF08 /* LionsAndTigers */;
			targetProxy = 62F255AB19E6580700CBAF08 /* PBXContainerItemProxy */;
		};
/* End PBXTargetDependency section */

/* Begin PBXVariantGroup section */
		62F2559E19E6580700CBAF08 /* Main.storyboard */ = {
			isa = PBXVariantGroup;
			children = (
				62F2559F19E6580700CBAF08 /* Base */,
			);
			name = Main.storyboard;
			sourceTree = "<group>";
		};
		62F255A319E6580700CBAF08 /* LaunchScreen.xib */ = {
			isa = PBXVariantGroup;
			children = (
				62F255A419E6580700CBAF08 /* Base */,
			);
			name = LaunchScreen.xib;
			sourceTree = "<group>";
		};
/* End PBXVariantGroup section */

/* Begin XCBuildConfiguration section */
		62F255B219E6580700CBAF08 /* Debug */ = {
			isa = XCBuildConfiguration;
			buildSettings = {
				ALWAYS_SEARCH_USER_PATHS = NO;
				CLANG_CXX_LANGUAGE_STANDARD = "gnu++0x";
				CLANG_CXX_LIBRARY = "libc++";
				CLANG_ENABLE_MODULES = YES;
				CLANG_ENABLE_OBJC_ARC = YES;
				CLANG_WARN_BOOL_CONVERSION = YES;
				CLANG_WARN_CONSTANT_CONVERSION = YES;
				CLANG_WARN_DIRECT_OBJC_ISA_USAGE = YES_ERROR;
				CLANG_WARN_EMPTY_BODY = YES;
				CLANG_WARN_ENUM_CONVERSION = YES;
				CLANG_WARN_INT_CONVERSION = YES;
				CLANG_WARN_OBJC_ROOT_CLASS = YES_ERROR;
				CLANG_WARN_UNREACHABLE_CODE = YES;
				CLANG_WARN__DUPLICATE_METHOD_MATCH = YES;
				"CODE_SIGN_IDENTITY[sdk=iphoneos*]" = "iPhone Developer";
				COPY_PHASE_STRIP = NO;
				ENABLE_STRICT_OBJC_MSGSEND = YES;
				GCC_C_LANGUAGE_STANDARD = gnu99;
				GCC_DYNAMIC_NO_PIC = NO;
				GCC_OPTIMIZATION_LEVEL = 0;
				GCC_PREPROCESSOR_DEFINITIONS = (
					"DEBUG=1",
					"$(inherited)",
				);
				GCC_SYMBOLS_PRIVATE_EXTERN = NO;
				GCC_WARN_64_TO_32_BIT_CONVERSION = YES;
				GCC_WARN_ABOUT_RETURN_TYPE = YES_ERROR;
				GCC_WARN_UNDECLARED_SELECTOR = YES;
				GCC_WARN_UNINITIALIZED_AUTOS = YES_AGGRESSIVE;
				GCC_WARN_UNUSED_FUNCTION = YES;
				GCC_WARN_UNUSED_VARIABLE = YES;
				IPHONEOS_DEPLOYMENT_TARGET = 8.0;
				MTL_ENABLE_DEBUG_INFO = YES;
				ONLY_ACTIVE_ARCH = YES;
				SDKROOT = iphoneos;
				SWIFT_OPTIMIZATION_LEVEL = "-Onone";
				TARGETED_DEVICE_FAMILY = "1,2";
			};
			name = Debug;
		};
		62F255B319E6580700CBAF08 /* Release */ = {
			isa = XCBuildConfiguration;
			buildSettings = {
				ALWAYS_SEARCH_USER_PATHS = NO;
				CLANG_CXX_LANGUAGE_STANDARD = "gnu++0x";
				CLANG_CXX_LIBRARY = "libc++";
				CLANG_ENABLE_MODULES = YES;
				CLANG_ENABLE_OBJC_ARC = YES;
				CLANG_WARN_BOOL_CONVERSION = YES;
				CLANG_WARN_CONSTANT_CONVERSION = YES;
				CLANG_WARN_DIRECT_OBJC_ISA_USAGE = YES_ERROR;
				CLANG_WARN_EMPTY_BODY = YES;
				CLANG_WARN_ENUM_CONVERSION = YES;
				CLANG_WARN_INT_CONVERSION = YES;
				CLANG_WARN_OBJC_ROOT_CLASS = YES_ERROR;
				CLANG_WARN_UNREACHABLE_CODE = YES;
				CLANG_WARN__DUPLICATE_METHOD_MATCH = YES;
				"CODE_SIGN_IDENTITY[sdk=iphoneos*]" = "iPhone Developer";
				COPY_PHASE_STRIP = YES;
				ENABLE_NS_ASSERTIONS = NO;
				ENABLE_STRICT_OBJC_MSGSEND = YES;
				GCC_C_LANGUAGE_STANDARD = gnu99;
				GCC_WARN_64_TO_32_BIT_CONVERSION = YES;
				GCC_WARN_ABOUT_RETURN_TYPE = YES_ERROR;
				GCC_WARN_UNDECLARED_SELECTOR = YES;
				GCC_WARN_UNINITIALIZED_AUTOS = YES_AGGRESSIVE;
				GCC_WARN_UNUSED_FUNCTION = YES;
				GCC_WARN_UNUSED_VARIABLE = YES;
				IPHONEOS_DEPLOYMENT_TARGET = 8.0;
				MTL_ENABLE_DEBUG_INFO = NO;
				SDKROOT = iphoneos;
				TARGETED_DEVICE_FAMILY = "1,2";
				VALIDATE_PRODUCT = YES;
			};
			name = Release;
		};
		62F255B519E6580700CBAF08 /* Debug */ = {
			isa = XCBuildConfiguration;
			buildSettings = {
				ASSETCATALOG_COMPILER_APPICON_NAME = AppIcon;
				INFOPLIST_FILE = LionsAndTigers/Info.plist;
				LD_RUNPATH_SEARCH_PATHS = "$(inherited) @executable_path/Frameworks";
				PRODUCT_NAME = "$(TARGET_NAME)";
			};
			name = Debug;
		};
		62F255B619E6580700CBAF08 /* Release */ = {
			isa = XCBuildConfiguration;
			buildSettings = {
				ASSETCATALOG_COMPILER_APPICON_NAME = AppIcon;
				INFOPLIST_FILE = LionsAndTigers/Info.plist;
				LD_RUNPATH_SEARCH_PATHS = "$(inherited) @executable_path/Frameworks";
				PRODUCT_NAME = "$(TARGET_NAME)";
			};
			name = Release;
		};
		62F255B819E6580700CBAF08 /* Debug */ = {
			isa = XCBuildConfiguration;
			buildSettings = {
				BUNDLE_LOADER = "$(TEST_HOST)";
				FRAMEWORK_SEARCH_PATHS = (
					"$(SDKROOT)/Developer/Library/Frameworks",
					"$(inherited)",
				);
				GCC_PREPROCESSOR_DEFINITIONS = (
					"DEBUG=1",
					"$(inherited)",
				);
				INFOPLIST_FILE = LionsAndTigersTests/Info.plist;
				LD_RUNPATH_SEARCH_PATHS = "$(inherited) @executable_path/Frameworks @loader_path/Frameworks";
				PRODUCT_NAME = "$(TARGET_NAME)";
				TEST_HOST = "$(BUILT_PRODUCTS_DIR)/LionsAndTigers.app/LionsAndTigers";
			};
			name = Debug;
		};
		62F255B919E6580700CBAF08 /* Release */ = {
			isa = XCBuildConfiguration;
			buildSettings = {
				BUNDLE_LOADER = "$(TEST_HOST)";
				FRAMEWORK_SEARCH_PATHS = (
					"$(SDKROOT)/Developer/Library/Frameworks",
					"$(inherited)",
				);
				INFOPLIST_FILE = LionsAndTigersTests/Info.plist;
				LD_RUNPATH_SEARCH_PATHS = "$(inherited) @executable_path/Frameworks @loader_path/Frameworks";
				PRODUCT_NAME = "$(TARGET_NAME)";
				TEST_HOST = "$(BUILT_PRODUCTS_DIR)/LionsAndTigers.app/LionsAndTigers";
			};
			name = Release;
		};
/* End XCBuildConfiguration section */

/* Begin XCConfigurationList section */
		62F2559019E6580700CBAF08 /* Build configuration list for PBXProject "LionsAndTigers" */ = {
			isa = XCConfigurationList;
			buildConfigurations = (
				62F255B219E6580700CBAF08 /* Debug */,
				62F255B319E6580700CBAF08 /* Release */,
			);
			defaultConfigurationIsVisible = 0;
			defaultConfigurationName = Release;
		};
		62F255B419E6580700CBAF08 /* Build configuration list for PBXNativeTarget "LionsAndTigers" */ = {
			isa = XCConfigurationList;
			buildConfigurations = (
				62F255B519E6580700CBAF08 /* Debug */,
				62F255B619E6580700CBAF08 /* Release */,
			);
			defaultConfigurationIsVisible = 0;
			defaultConfigurationName = Release;
		};
		62F255B719E6580700CBAF08 /* Build configuration list for PBXNativeTarget "LionsAndTigersTests" */ = {
			isa = XCConfigurationList;
			buildConfigurations = (
				62F255B819E6580700CBAF08 /* Debug */,
				62F255B919E6580700CBAF08 /* Release */,
			);
			defaultConfigurationIsVisible = 0;
			defaultConfigurationName = Release;
		};
/* End XCConfigurationList section */
	};
	rootObject = 62F2558D19E6580700CBAF08 /* Project object */;
}
